// !$*UTF8*$!
{
	archiveVersion = 1;
	classes = {
	};
	objectVersion = 50;
	objects = {

/* Begin PBXBuildFile section */
		44202E3C252FB315007A5A87 /* AppDelegate.swift in Sources */ = {isa = PBXBuildFile; fileRef = 44202E3B252FB315007A5A87 /* AppDelegate.swift */; };
		44202E3E252FB315007A5A87 /* ViewController.swift in Sources */ = {isa = PBXBuildFile; fileRef = 44202E3D252FB315007A5A87 /* ViewController.swift */; };
		44202E41252FB315007A5A87 /* Main.storyboard in Resources */ = {isa = PBXBuildFile; fileRef = 44202E3F252FB315007A5A87 /* Main.storyboard */; };
		44202E43252FB318007A5A87 /* Assets.xcassets in Resources */ = {isa = PBXBuildFile; fileRef = 44202E42252FB318007A5A87 /* Assets.xcassets */; };
		44202E46252FB318007A5A87 /* LaunchScreen.storyboard in Resources */ = {isa = PBXBuildFile; fileRef = 44202E44252FB318007A5A87 /* LaunchScreen.storyboard */; };
		4458D3402530B73B006ECE3F /* AppleProduct.swift in Sources */ = {isa = PBXBuildFile; fileRef = 4458D33F2530B73B006ECE3F /* AppleProduct.swift */; };
		44F3AAF72530B8FD00D95146 /* CustomPrettyView.swift in Sources */ = {isa = PBXBuildFile; fileRef = 44F3AAF62530B8FD00D95146 /* CustomPrettyView.swift */; };
/* End PBXBuildFile section */

/* Begin PBXFileReference section */
		44202E38252FB315007A5A87 /* MVC-demo.app */ = {isa = PBXFileReference; explicitFileType = wrapper.application; includeInIndex = 0; path = "MVC-demo.app"; sourceTree = BUILT_PRODUCTS_DIR; };
		44202E3B252FB315007A5A87 /* AppDelegate.swift */ = {isa = PBXFileReference; lastKnownFileType = sourcecode.swift; path = AppDelegate.swift; sourceTree = "<group>"; };
		44202E3D252FB315007A5A87 /* ViewController.swift */ = {isa = PBXFileReference; lastKnownFileType = sourcecode.swift; path = ViewController.swift; sourceTree = "<group>"; };
		44202E40252FB315007A5A87 /* Base */ = {isa = PBXFileReference; lastKnownFileType = file.storyboard; name = Base; path = Base.lproj/Main.storyboard; sourceTree = "<group>"; };
		44202E42252FB318007A5A87 /* Assets.xcassets */ = {isa = PBXFileReference; lastKnownFileType = folder.assetcatalog; path = Assets.xcassets; sourceTree = "<group>"; };
		44202E45252FB318007A5A87 /* Base */ = {isa = PBXFileReference; lastKnownFileType = file.storyboard; name = Base; path = Base.lproj/LaunchScreen.storyboard; sourceTree = "<group>"; };
		44202E47252FB318007A5A87 /* Info.plist */ = {isa = PBXFileReference; lastKnownFileType = text.plist.xml; path = Info.plist; sourceTree = "<group>"; };
		4458D33F2530B73B006ECE3F /* AppleProduct.swift */ = {isa = PBXFileReference; lastKnownFileType = sourcecode.swift; path = AppleProduct.swift; sourceTree = "<group>"; };
		44F3AAF62530B8FD00D95146 /* CustomPrettyView.swift */ = {isa = PBXFileReference; lastKnownFileType = sourcecode.swift; path = CustomPrettyView.swift; sourceTree = "<group>"; };
/* End PBXFileReference section */

/* Begin PBXFrameworksBuildPhase section */
		44202E35252FB315007A5A87 /* Frameworks */ = {
			isa = PBXFrameworksBuildPhase;
			buildActionMask = 2147483647;
			files = (
			);
			runOnlyForDeploymentPostprocessing = 0;
		};
/* End PBXFrameworksBuildPhase section */

/* Begin PBXGroup section */
		44202E2F252FB315007A5A87 = {
			isa = PBXGroup;
			children = (
				44202E3A252FB315007A5A87 /* MVC-demo */,
				44202E39252FB315007A5A87 /* Products */,
			);
			sourceTree = "<group>";
		};
		44202E39252FB315007A5A87 /* Products */ = {
			isa = PBXGroup;
			children = (
				44202E38252FB315007A5A87 /* MVC-demo.app */,
			);
			name = Products;
			sourceTree = "<group>";
		};
		44202E3A252FB315007A5A87 /* MVC-demo */ = {
			isa = PBXGroup;
			children = (
				44202E4D252FB3B5007A5A87 /* Model */,
				44202E4F252FB3BF007A5A87 /* View */,
				44202E4E252FB3B9007A5A87 /* Controller */,
				44202E3B252FB315007A5A87 /* AppDelegate.swift */,
				44202E3F252FB315007A5A87 /* Main.storyboard */,
				44202E42252FB318007A5A87 /* Assets.xcassets */,
				44202E44252FB318007A5A87 /* LaunchScreen.storyboard */,
				44202E47252FB318007A5A87 /* Info.plist */,
			);
			path = "MVC-demo";
			sourceTree = "<group>";
		};
		44202E4D252FB3B5007A5A87 /* Model */ = {
			isa = PBXGroup;
			children = (
				4458D33F2530B73B006ECE3F /* AppleProduct.swift */,
			);
			path = Model;
			sourceTree = "<group>";
		};
		44202E4E252FB3B9007A5A87 /* Controller */ = {
			isa = PBXGroup;
			children = (
				44202E3D252FB315007A5A87 /* ViewController.swift */,
			);
			path = Controller;
			sourceTree = "<group>";
		};
		44202E4F252FB3BF007A5A87 /* View */ = {
			isa = PBXGroup;
			children = (
				44F3AAF62530B8FD00D95146 /* CustomPrettyView.swift */,
			);
			path = View;
			sourceTree = "<group>";
		};
/* End PBXGroup section */

/* Begin PBXNativeTarget section */
		44202E37252FB315007A5A87 /* MVC-demo */ = {
			isa = PBXNativeTarget;
			buildConfigurationList = 44202E4A252FB318007A5A87 /* Build configuration list for PBXNativeTarget "MVC-demo" */;
			buildPhases = (
				44202E34252FB315007A5A87 /* Sources */,
				44202E35252FB315007A5A87 /* Frameworks */,
				44202E36252FB315007A5A87 /* Resources */,
			);
			buildRules = (
			);
			dependencies = (
			);
			name = "MVC-demo";
			productName = "MVC-demo";
			productReference = 44202E38252FB315007A5A87 /* MVC-demo.app */;
			productType = "com.apple.product-type.application";
		};
/* End PBXNativeTarget section */

/* Begin PBXProject section */
		44202E30252FB315007A5A87 /* Project object */ = {
			isa = PBXProject;
			attributes = {
				LastSwiftUpdateCheck = 1010;
				LastUpgradeCheck = 1010;
				ORGANIZATIONNAME = "Sheliya Infotech";
				TargetAttributes = {
					44202E37252FB315007A5A87 = {
						CreatedOnToolsVersion = 10.1;
					};
				};
			};
			buildConfigurationList = 44202E33252FB315007A5A87 /* Build configuration list for PBXProject "MVC-demo" */;
			compatibilityVersion = "Xcode 9.3";
			developmentRegion = en;
			hasScannedForEncodings = 0;
			knownRegions = (
				en,
				Base,
			);
			mainGroup = 44202E2F252FB315007A5A87;
			productRefGroup = 44202E39252FB315007A5A87 /* Products */;
			projectDirPath = "";
			projectRoot = "";
			targets = (
				44202E37252FB315007A5A87 /* MVC-demo */,
			);
		};
/* End PBXProject section */

/* Begin PBXResourcesBuildPhase section */
		44202E36252FB315007A5A87 /* Resources */ = {
			isa = PBXResourcesBuildPhase;
			buildActionMask = 2147483647;
			files = (
				44202E46252FB318007A5A87 /* LaunchScreen.storyboard in Resources */,
				44202E43252FB318007A5A87 /* Assets.xcassets in Resources */,
				44202E41252FB315007A5A87 /* Main.storyboard in Resources */,
			);
			runOnlyForDeploymentPostprocessing = 0;
		};
/* End PBXResourcesBuildPhase section */

/* Begin PBXSourcesBuildPhase section */
		44202E34252FB315007A5A87 /* Sources */ = {
			isa = PBXSourcesBuildPhase;
			buildActionMask = 2147483647;
			files = (
				4458D3402530B73B006ECE3F /* AppleProduct.swift in Sources */,
				44202E3E252FB315007A5A87 /* ViewController.swift in Sources */,
				44202E3C252FB315007A5A87 /* AppDelegate.swift in Sources */,
				44F3AAF72530B8FD00D95146 /* CustomPrettyView.swift in Sources */,
			);
			runOnlyForDeploymentPostprocessing = 0;
		};
/* End PBXSourcesBuildPhase section */

/* Begin PBXVariantGroup section */
		44202E3F252FB315007A5A87 /* Main.storyboard */ = {
			isa = PBXVariantGroup;
			children = (
				44202E40252FB315007A5A87 /* Base */,
			);
			name = Main.storyboard;
			sourceTree = "<group>";
		};
		44202E44252FB318007A5A87 /* LaunchScreen.storyboard */ = {
			isa = PBXVariantGroup;
			children = (
				44202E45252FB318007A5A87 /* Base */,
			);
			name = LaunchScreen.storyboard;
			sourceTree = "<group>";
		};
/* End PBXVariantGroup section */

/* Begin XCBuildConfiguration section */
		44202E48252FB318007A5A87 /* Debug */ = {
			isa = XCBuildConfiguration;
			buildSettings = {
				ALWAYS_SEARCH_USER_PATHS = NO;
				CLANG_ANALYZER_NONNULL = YES;
				CLANG_ANALYZER_NUMBER_OBJECT_CONVERSION = YES_AGGRESSIVE;
				CLANG_CXX_LANGUAGE_STANDARD = "gnu++14";
				CLANG_CXX_LIBRARY = "libc++";
				CLANG_ENABLE_MODULES = YES;
				CLANG_ENABLE_OBJC_ARC = YES;
				CLANG_ENABLE_OBJC_WEAK = YES;
				CLANG_WARN_BLOCK_CAPTURE_AUTORELEASING = YES;
				CLANG_WARN_BOOL_CONVERSION = YES;
				CLANG_WARN_COMMA = YES;
				CLANG_WARN_CONSTANT_CONVERSION = YES;
				CLANG_WARN_DEPRECATED_OBJC_IMPLEMENTATIONS = YES;
				CLANG_WARN_DIRECT_OBJC_ISA_USAGE = YES_ERROR;
				CLANG_WARN_DOCUMENTATION_COMMENTS = YES;
				CLANG_WARN_EMPTY_BODY = YES;
				CLANG_WARN_ENUM_CONVERSION = YES;
				CLANG_WARN_INFINITE_RECURSION = YES;
				CLANG_WARN_INT_CONVERSION = YES;
				CLANG_WARN_NON_LITERAL_NULL_CONVERSION = YES;
				CLANG_WARN_OBJC_IMPLICIT_RETAIN_SELF = YES;
				CLANG_WARN_OBJC_LITERAL_CONVERSION = YES;
				CLANG_WARN_OBJC_ROOT_CLASS = YES_ERROR;
				CLANG_WARN_RANGE_LOOP_ANALYSIS = YES;
				CLANG_WARN_STRICT_PROTOTYPES = YES;
				CLANG_WARN_SUSPICIOUS_MOVE = YES;
				CLANG_WARN_UNGUARDED_AVAILABILITY = YES_AGGRESSIVE;
				CLANG_WARN_UNREACHABLE_CODE = YES;
				CLANG_WARN__DUPLICATE_METHOD_MATCH = YES;
				CODE_SIGN_IDENTITY = "iPhone Developer";
				COPY_PHASE_STRIP = NO;
				DEBUG_INFORMATION_FORMAT = dwarf;
				ENABLE_STRICT_OBJC_MSGSEND = YES;
				ENABLE_TESTABILITY = YES;
				GCC_C_LANGUAGE_STANDARD = gnu11;
				GCC_DYNAMIC_NO_PIC = NO;
				GCC_NO_COMMON_BLOCKS = YES;
				GCC_OPTIMIZATION_LEVEL = 0;
				GCC_PREPROCESSOR_DEFINITIONS = (
					"DEBUG=1",
					"$(inherited)",
				);
				GCC_WARN_64_TO_32_BIT_CONVERSION = YES;
				GCC_WARN_ABOUT_RETURN_TYPE = YES_ERROR;
				GCC_WARN_UNDECLARED_SELECTOR = YES;
				GCC_WARN_UNINITIALIZED_AUTOS = YES_AGGRESSIVE;
				GCC_WARN_UNUSED_FUNCTION = YES;
				GCC_WARN_UNUSED_VARIABLE = YES;
				IPHONEOS_DEPLOYMENT_TARGET = 12.1;
				MTL_ENABLE_DEBUG_INFO = INCLUDE_SOURCE;
				MTL_FAST_MATH = YES;
				ONLY_ACTIVE_ARCH = YES;
				SDKROOT = iphoneos;
				SWIFT_ACTIVE_COMPILATION_CONDITIONS = DEBUG;
				SWIFT_OPTIMIZATION_LEVEL = "-Onone";
			};
			name = Debug;
		};
		44202E49252FB318007A5A87 /* Release */ = {
			isa = XCBuildConfiguration;
			buildSettings = {
				ALWAYS_SEARCH_USER_PATHS = NO;
				CLANG_ANALYZER_NONNULL = YES;
				CLANG_ANALYZER_NUMBER_OBJECT_CONVERSION = YES_AGGRESSIVE;
				CLANG_CXX_LANGUAGE_STANDARD = "gnu++14";
				CLANG_CXX_LIBRARY = "libc++";
				CLANG_ENABLE_MODULES = YES;
				CLANG_ENABLE_OBJC_ARC = YES;
				CLANG_ENABLE_OBJC_WEAK = YES;
				CLANG_WARN_BLOCK_CAPTURE_AUTORELEASING = YES;
				CLANG_WARN_BOOL_CONVERSION = YES;
				CLANG_WARN_COMMA = YES;
				CLANG_WARN_CONSTANT_CONVERSION = YES;
				CLANG_WARN_DEPRECATED_OBJC_IMPLEMENTATIONS = YES;
				CLANG_WARN_DIRECT_OBJC_ISA_USAGE = YES_ERROR;
				CLANG_WARN_DOCUMENTATION_COMMENTS = YES;
				CLANG_WARN_EMPTY_BODY = YES;
				CLANG_WARN_ENUM_CONVERSION = YES;
				CLANG_WARN_INFINITE_RECURSION = YES;
				CLANG_WARN_INT_CONVERSION = YES;
				CLANG_WARN_NON_LITERAL_NULL_CONVERSION = YES;
				CLANG_WARN_OBJC_IMPLICIT_RETAIN_SELF = YES;
				CLANG_WARN_OBJC_LITERAL_CONVERSION = YES;
				CLANG_WARN_OBJC_ROOT_CLASS = YES_ERROR;
				CLANG_WARN_RANGE_LOOP_ANALYSIS = YES;
				CLANG_WARN_STRICT_PROTOTYPES = YES;
				CLANG_WARN_SUSPICIOUS_MOVE = YES;
				CLANG_WARN_UNGUARDED_AVAILABILITY = YES_AGGRESSIVE;
				CLANG_WARN_UNREACHABLE_CODE = YES;
				CLANG_WARN__DUPLICATE_METHOD_MATCH = YES;
				CODE_SIGN_IDENTITY = "iPhone Developer";
				COPY_PHASE_STRIP = NO;
				DEBUG_INFORMATION_FORMAT = "dwarf-with-dsym";
				ENABLE_NS_ASSERTIONS = NO;
				ENABLE_STRICT_OBJC_MSGSEND = YES;
				GCC_C_LANGUAGE_STANDARD = gnu11;
				GCC_NO_COMMON_BLOCKS = YES;
				GCC_WARN_64_TO_32_BIT_CONVERSION = YES;
				GCC_WARN_ABOUT_RETURN_TYPE = YES_ERROR;
				GCC_WARN_UNDECLARED_SELECTOR = YES;
				GCC_WARN_UNINITIALIZED_AUTOS = YES_AGGRESSIVE;
				GCC_WARN_UNUSED_FUNCTION = YES;
				GCC_WARN_UNUSED_VARIABLE = YES;
				IPHONEOS_DEPLOYMENT_TARGET = 12.1;
				MTL_ENABLE_DEBUG_INFO = NO;
				MTL_FAST_MATH = YES;
				SDKROOT = iphoneos;
				SWIFT_COMPILATION_MODE = wholemodule;
				SWIFT_OPTIMIZATION_LEVEL = "-O";
				VALIDATE_PRODUCT = YES;
			};
			name = Release;
		};
		44202E4B252FB318007A5A87 /* Debug */ = {
			isa = XCBuildConfiguration;
			buildSettings = {
				ASSETCATALOG_COMPILER_APPICON_NAME = AppIcon;
				CODE_SIGN_STYLE = Automatic;
				INFOPLIST_FILE = "MVC-demo/Info.plist";
				LD_RUNPATH_SEARCH_PATHS = (
					"$(inherited)",
					"@executable_path/Frameworks",
				);
				PRODUCT_BUNDLE_IDENTIFIER = "com.document.MVC-demo";
				PRODUCT_NAME = "$(TARGET_NAME)";
				SWIFT_VERSION = 4.2;
				TARGETED_DEVICE_FAMILY = "1,2";
			};
			name = Debug;
		};
		44202E4C252FB318007A5A87 /* Release */ = {
			isa = XCBuildConfiguration;
			buildSettings = {
				ASSETCATALOG_COMPILER_APPICON_NAME = AppIcon;
				CODE_SIGN_STYLE = Automatic;
				INFOPLIST_FILE = "MVC-demo/Info.plist";
				LD_RUNPATH_SEARCH_PATHS = (
					"$(inherited)",
					"@executable_path/Frameworks",
				);
				PRODUCT_BUNDLE_IDENTIFIER = "com.document.MVC-demo";
				PRODUCT_NAME = "$(TARGET_NAME)";
				SWIFT_VERSION = 4.2;
				TARGETED_DEVICE_FAMILY = "1,2";
			};
			name = Release;
		};
/* End XCBuildConfiguration section */

/* Begin XCConfigurationList section */
		44202E33252FB315007A5A87 /* Build configuration list for PBXProject "MVC-demo" */ = {
			isa = XCConfigurationList;
			buildConfigurations = (
				44202E48252FB318007A5A87 /* Debug */,
				44202E49252FB318007A5A87 /* Release */,
			);
			defaultConfigurationIsVisible = 0;
			defaultConfigurationName = Release;
		};
		44202E4A252FB318007A5A87 /* Build configuration list for PBXNativeTarget "MVC-demo" */ = {
			isa = XCConfigurationList;
			buildConfigurations = (
				44202E4B252FB318007A5A87 /* Debug */,
				44202E4C252FB318007A5A87 /* Release */,
			);
			defaultConfigurationIsVisible = 0;
			defaultConfigurationName = Release;
		};
/* End XCConfigurationList section */
	};
	rootObject = 44202E30252FB315007A5A87 /* Project object */;
}
